{
  "nodes": {
    "nixpkgs": {
      "locked": {
        "lastModified": 1727880222,
        "narHash": "sha256-amTZmIeSDHKSGyqSudqdWsDKxDnILDqcAq07D4yjZ7U=",
        "owner": "nixos",
        "repo": "nixpkgs",
        "rev": "3fb734fdd67984b140710dbe54500fef2728946f",
        "type": "github"
      },
      "original": {
        "owner": "nixos",
        "repo": "nixpkgs",
        "type": "github"
      }
    },
    "root": {
      "inputs": {
        "nixpkgs": "nixpkgs",
        "rust-overlay": "rust-overlay"
      }
    },
    "rust-overlay": {
      "inputs": {
        "nixpkgs": [
          "nixpkgs"
        ]
      },
      "locked": {
        "lastModified": 1732156292,
        "narHash": "sha256-XuTCME5ZausokOJ28AsIoayBVD1soscdoiKweT4VY50=",
        "owner": "oxalica",
        "repo": "rust-overlay",
        "rev": "2d484c7a0db32f2700e253160bcd2aaa6cdca3ba",
        "type": "github"
      },
      "original": {
        "owner": "oxalica",
        "repo": "rust-overlay",
        "type": "github"
      }
    }
  },
  "root": "root",
  "version": 7
}
